
Microsoft Visual Studio Solution File, Format Version 12.00
# Visual Studio 15
VisualStudioVersion = 15.0.26730.16
MinimumVisualStudioVersion = 10.0.40219.1
Project("{FAE04EC0-301F-11D3-BF4B-00C04F79EFBC}") = "ContactManager", "ContactManager\ContactManager.csproj", "{9AFACB6F-7A28-44EC-B267-E756E5FB66B4}"
EndProject
Project("{FAE04EC0-301F-11D3-BF4B-00C04F79EFBC}") = "DataEntity", "DataEntity\DataEntity.csproj", "{C929E680-4045-4A90-B6C8-37B20F586E55}"
EndProject
Global
	GlobalSection(SolutionConfigurationPlatforms) = preSolution
		Debug|Any CPU = Debug|Any CPU
		Release|Any CPU = Release|Any CPU
	EndGlobalSection
	GlobalSection(ProjectConfigurationPlatforms) = postSolution
		{9AFACB6F-7A28-44EC-B267-E756E5FB66B4}.Debug|Any CPU.ActiveCfg = Debug|Any CPU
		{9AFACB6F-7A28-44EC-B267-E756E5FB66B4}.Debug|Any CPU.Build.0 = Debug|Any CPU
		{9AFACB6F-7A28-44EC-B267-E756E5FB66B4}.Release|Any CPU.ActiveCfg = Release|Any CPU
		{9AFACB6F-7A28-44EC-B267-E756E5FB66B4}.Release|Any CPU.Build.0 = Release|Any CPU
		{C929E680-4045-4A90-B6C8-37B20F586E55}.Debug|Any CPU.ActiveCfg = Debug|Any CPU
		{C929E680-4045-4A90-B6C8-37B20F586E55}.Debug|Any CPU.Build.0 = Debug|Any CPU
		{C929E680-4045-4A90-B6C8-37B20F586E55}.Release|Any CPU.ActiveCfg = Release|Any CPU
		{C929E680-4045-4A90-B6C8-37B20F586E55}.Release|Any CPU.Build.0 = Release|Any CPU
	EndGlobalSection
	GlobalSection(SolutionProperties) = preSolution
		HideSolutionNode = FALSE
	EndGlobalSection
	GlobalSection(ExtensibilityGlobals) = postSolution
		SolutionGuid = {0CB21353-D389-48BA-A694-513C5CCCC529}
	EndGlobalSection
EndGlobal
